
Microsoft Visual Studio Solution File, Format Version 12.00
# Visual Studio 2013
VisualStudioVersion = 12.0.40629.0
MinimumVisualStudioVersion = 10.0.40219.1
Project("{FAE04EC0-301F-11D3-BF4B-00C04F79EFBC}") = "WereViewApp", "WereViewApp\WereViewApp.csproj", "{DA31CE6F-86EB-4C1F-8EB7-9EACDE88AF8C}"
EndProject
Project("{2150E333-8FDC-42A3-9474-1A3956D46DE8}") = ".nuget", ".nuget", "{B42D1CC7-2590-42E7-AC94-A1D10DA6CC3A}"
	ProjectSection(SolutionItems) = preProject
		.nuget\NuGet.Config = .nuget\NuGet.Config
		.nuget\NuGet.exe = .nuget\NuGet.exe
	EndProjectSection
EndProject
Project("{2150E333-8FDC-42A3-9474-1A3956D46DE8}") = "Solution Items", "Solution Items", "{101ED279-1120-4D07-B3C7-B1076168DABA}"
EndProject
Global
	GlobalSection(SolutionConfigurationPlatforms) = preSolution
		Debug|Any CPU = Debug|Any CPU
		Release|Any CPU = Release|Any CPU
	EndGlobalSection
	GlobalSection(ProjectConfigurationPlatforms) = postSolution
		{DA31CE6F-86EB-4C1F-8EB7-9EACDE88AF8C}.Debug|Any CPU.ActiveCfg = Debug|Any CPU
		{DA31CE6F-86EB-4C1F-8EB7-9EACDE88AF8C}.Debug|Any CPU.Build.0 = Debug|Any CPU
		{DA31CE6F-86EB-4C1F-8EB7-9EACDE88AF8C}.Release|Any CPU.ActiveCfg = Release|Any CPU
		{DA31CE6F-86EB-4C1F-8EB7-9EACDE88AF8C}.Release|Any CPU.Build.0 = Release|Any CPU
	EndGlobalSection
	GlobalSection(SolutionProperties) = preSolution
		HideSolutionNode = FALSE
	EndGlobalSection
EndGlobal
